// !$*UTF8*$!
{
	archiveVersion = 1;
	classes = {
	};
	objectVersion = 50;
	objects = {

/* Begin PBXBuildFile section */
		9DF5807E2306B965005F336B /* AppDelegate.swift in Sources */ = {isa = PBXBuildFile; fileRef = 9DF5807D2306B965005F336B /* AppDelegate.swift */; };
		9DF580802306B965005F336B /* ViewController.swift in Sources */ = {isa = PBXBuildFile; fileRef = 9DF5807F2306B965005F336B /* ViewController.swift */; };
		9DF580832306B965005F336B /* Main.storyboard in Resources */ = {isa = PBXBuildFile; fileRef = 9DF580812306B965005F336B /* Main.storyboard */; };
		9DF580852306B966005F336B /* Assets.xcassets in Resources */ = {isa = PBXBuildFile; fileRef = 9DF580842306B966005F336B /* Assets.xcassets */; };
		9DF580882306B966005F336B /* LaunchScreen.storyboard in Resources */ = {isa = PBXBuildFile; fileRef = 9DF580862306B966005F336B /* LaunchScreen.storyboard */; };
		9DF580932306B966005F336B /* EditableTableViewUITests.swift in Sources */ = {isa = PBXBuildFile; fileRef = 9DF580922306B966005F336B /* EditableTableViewUITests.swift */; };
/* End PBXBuildFile section */

/* Begin PBXContainerItemProxy section */
		9DF5808F2306B966005F336B /* PBXContainerItemProxy */ = {
			isa = PBXContainerItemProxy;
			containerPortal = 9DF580722306B965005F336B /* Project object */;
			proxyType = 1;
			remoteGlobalIDString = 9DF580792306B965005F336B;
			remoteInfo = EditableTableView;
		};
/* End PBXContainerItemProxy section */

/* Begin PBXFileReference section */
		9DF5807A2306B965005F336B /* EditableTableView.app */ = {isa = PBXFileReference; explicitFileType = wrapper.application; includeInIndex = 0; path = EditableTableView.app; sourceTree = BUILT_PRODUCTS_DIR; };
		9DF5807D2306B965005F336B /* AppDelegate.swift */ = {isa = PBXFileReference; lastKnownFileType = sourcecode.swift; path = AppDelegate.swift; sourceTree = "<group>"; };
		9DF5807F2306B965005F336B /* ViewController.swift */ = {isa = PBXFileReference; lastKnownFileType = sourcecode.swift; path = ViewController.swift; sourceTree = "<group>"; };
		9DF580822306B965005F336B /* Base */ = {isa = PBXFileReference; lastKnownFileType = file.storyboard; name = Base; path = Base.lproj/Main.storyboard; sourceTree = "<group>"; };
		9DF580842306B966005F336B /* Assets.xcassets */ = {isa = PBXFileReference; lastKnownFileType = folder.assetcatalog; path = Assets.xcassets; sourceTree = "<group>"; };
		9DF580872306B966005F336B /* Base */ = {isa = PBXFileReference; lastKnownFileType = file.storyboard; name = Base; path = Base.lproj/LaunchScreen.storyboard; sourceTree = "<group>"; };
		9DF580892306B966005F336B /* Info.plist */ = {isa = PBXFileReference; lastKnownFileType = text.plist.xml; path = Info.plist; sourceTree = "<group>"; };
		9DF5808E2306B966005F336B /* EditableTableViewUITests.xctest */ = {isa = PBXFileReference; explicitFileType = wrapper.cfbundle; includeInIndex = 0; path = EditableTableViewUITests.xctest; sourceTree = BUILT_PRODUCTS_DIR; };
		9DF580922306B966005F336B /* EditableTableViewUITests.swift */ = {isa = PBXFileReference; lastKnownFileType = sourcecode.swift; path = EditableTableViewUITests.swift; sourceTree = "<group>"; };
		9DF580942306B966005F336B /* Info.plist */ = {isa = PBXFileReference; lastKnownFileType = text.plist.xml; path = Info.plist; sourceTree = "<group>"; };
/* End PBXFileReference section */

/* Begin PBXFrameworksBuildPhase section */
		9DF580772306B965005F336B /* Frameworks */ = {
			isa = PBXFrameworksBuildPhase;
			buildActionMask = 2147483647;
			files = (
			);
			runOnlyForDeploymentPostprocessing = 0;
		};
		9DF5808B2306B966005F336B /* Frameworks */ = {
			isa = PBXFrameworksBuildPhase;
			buildActionMask = 2147483647;
			files = (
			);
			runOnlyForDeploymentPostprocessing = 0;
		};
/* End PBXFrameworksBuildPhase section */

/* Begin PBXGroup section */
		9DF580712306B965005F336B = {
			isa = PBXGroup;
			children = (
				9DF5807C2306B965005F336B /* EditableTableView */,
				9DF580912306B966005F336B /* EditableTableViewUITests */,
				9DF5807B2306B965005F336B /* Products */,
			);
			sourceTree = "<group>";
		};
		9DF5807B2306B965005F336B /* Products */ = {
			isa = PBXGroup;
			children = (
				9DF5807A2306B965005F336B /* EditableTableView.app */,
				9DF5808E2306B966005F336B /* EditableTableViewUITests.xctest */,
			);
			name = Products;
			sourceTree = "<group>";
		};
		9DF5807C2306B965005F336B /* EditableTableView */ = {
			isa = PBXGroup;
			children = (
				9DF5807D2306B965005F336B /* AppDelegate.swift */,
				9DF5807F2306B965005F336B /* ViewController.swift */,
				9DF580812306B965005F336B /* Main.storyboard */,
				9DF580842306B966005F336B /* Assets.xcassets */,
				9DF580862306B966005F336B /* LaunchScreen.storyboard */,
				9DF580892306B966005F336B /* Info.plist */,
			);
			path = EditableTableView;
			sourceTree = "<group>";
		};
		9DF580912306B966005F336B /* EditableTableViewUITests */ = {
			isa = PBXGroup;
			children = (
				9DF580922306B966005F336B /* EditableTableViewUITests.swift */,
				9DF580942306B966005F336B /* Info.plist */,
			);
			path = EditableTableViewUITests;
			sourceTree = "<group>";
		};
/* End PBXGroup section */

/* Begin PBXNativeTarget section */
		9DF580792306B965005F336B /* EditableTableView */ = {
			isa = PBXNativeTarget;
			buildConfigurationList = 9DF580972306B966005F336B /* Build configuration list for PBXNativeTarget "EditableTableView" */;
			buildPhases = (
				9DF580762306B965005F336B /* Sources */,
				9DF580772306B965005F336B /* Frameworks */,
				9DF580782306B965005F336B /* Resources */,
			);
			buildRules = (
			);
			dependencies = (
			);
			name = EditableTableView;
			productName = EditableTableView;
			productReference = 9DF5807A2306B965005F336B /* EditableTableView.app */;
			productType = "com.apple.product-type.application";
		};
		9DF5808D2306B966005F336B /* EditableTableViewUITests */ = {
			isa = PBXNativeTarget;
			buildConfigurationList = 9DF5809A2306B966005F336B /* Build configuration list for PBXNativeTarget "EditableTableViewUITests" */;
			buildPhases = (
				9DF5808A2306B966005F336B /* Sources */,
				9DF5808B2306B966005F336B /* Frameworks */,
				9DF5808C2306B966005F336B /* Resources */,
			);
			buildRules = (
			);
			dependencies = (
				9DF580902306B966005F336B /* PBXTargetDependency */,
			);
			name = EditableTableViewUITests;
			productName = EditableTableViewUITests;
			productReference = 9DF5808E2306B966005F336B /* EditableTableViewUITests.xctest */;
			productType = "com.apple.product-type.bundle.ui-testing";
		};
/* End PBXNativeTarget section */

/* Begin PBXProject section */
		9DF580722306B965005F336B /* Project object */ = {
			isa = PBXProject;
			attributes = {
				LastSwiftUpdateCheck = 1020;
				LastUpgradeCheck = 1020;
				ORGANIZATIONNAME = futurelab;
				TargetAttributes = {
					9DF580792306B965005F336B = {
						CreatedOnToolsVersion = 10.2.1;
					};
					9DF5808D2306B966005F336B = {
						CreatedOnToolsVersion = 10.2.1;
						TestTargetID = 9DF580792306B965005F336B;
					};
				};
			};
			buildConfigurationList = 9DF580752306B965005F336B /* Build configuration list for PBXProject "EditableTableView" */;
			compatibilityVersion = "Xcode 9.3";
			developmentRegion = en;
			hasScannedForEncodings = 0;
			knownRegions = (
				en,
				Base,
			);
			mainGroup = 9DF580712306B965005F336B;
			productRefGroup = 9DF5807B2306B965005F336B /* Products */;
			projectDirPath = "";
			projectRoot = "";
			targets = (
				9DF580792306B965005F336B /* EditableTableView */,
				9DF5808D2306B966005F336B /* EditableTableViewUITests */,
			);
		};
/* End PBXProject section */

/* Begin PBXResourcesBuildPhase section */
		9DF580782306B965005F336B /* Resources */ = {
			isa = PBXResourcesBuildPhase;
			buildActionMask = 2147483647;
			files = (
				9DF580882306B966005F336B /* LaunchScreen.storyboard in Resources */,
				9DF580852306B966005F336B /* Assets.xcassets in Resources */,
				9DF580832306B965005F336B /* Main.storyboard in Resources */,
			);
			runOnlyForDeploymentPostprocessing = 0;
		};
		9DF5808C2306B966005F336B /* Resources */ = {
			isa = PBXResourcesBuildPhase;
			buildActionMask = 2147483647;
			files = (
			);
			runOnlyForDeploymentPostprocessing = 0;
		};
/* End PBXResourcesBuildPhase section */

/* Begin PBXSourcesBuildPhase section */
		9DF580762306B965005F336B /* Sources */ = {
			isa = PBXSourcesBuildPhase;
			buildActionMask = 2147483647;
			files = (
				9DF580802306B965005F336B /* ViewController.swift in Sources */,
				9DF5807E2306B965005F336B /* AppDelegate.swift in Sources */,
			);
			runOnlyForDeploymentPostprocessing = 0;
		};
		9DF5808A2306B966005F336B /* Sources */ = {
			isa = PBXSourcesBuildPhase;
			buildActionMask = 2147483647;
			files = (
				9DF580932306B966005F336B /* EditableTableViewUITests.swift in Sources */,
			);
			runOnlyForDeploymentPostprocessing = 0;
		};
/* End PBXSourcesBuildPhase section */

/* Begin PBXTargetDependency section */
		9DF580902306B966005F336B /* PBXTargetDependency */ = {
			isa = PBXTargetDependency;
			target = 9DF580792306B965005F336B /* EditableTableView */;
			targetProxy = 9DF5808F2306B966005F336B /* PBXContainerItemProxy */;
		};
/* End PBXTargetDependency section */

/* Begin PBXVariantGroup section */
		9DF580812306B965005F336B /* Main.storyboard */ = {
			isa = PBXVariantGroup;
			children = (
				9DF580822306B965005F336B /* Base */,
			);
			name = Main.storyboard;
			sourceTree = "<group>";
		};
		9DF580862306B966005F336B /* LaunchScreen.storyboard */ = {
			isa = PBXVariantGroup;
			children = (
				9DF580872306B966005F336B /* Base */,
			);
			name = LaunchScreen.storyboard;
			sourceTree = "<group>";
		};
/* End PBXVariantGroup section */

/* Begin XCBuildConfiguration section */
		9DF580952306B966005F336B /* Debug */ = {
			isa = XCBuildConfiguration;
			buildSettings = {
				ALWAYS_SEARCH_USER_PATHS = NO;
				CLANG_ANALYZER_NONNULL = YES;
				CLANG_ANALYZER_NUMBER_OBJECT_CONVERSION = YES_AGGRESSIVE;
				CLANG_CXX_LANGUAGE_STANDARD = "gnu++14";
				CLANG_CXX_LIBRARY = "libc++";
				CLANG_ENABLE_MODULES = YES;
				CLANG_ENABLE_OBJC_ARC = YES;
				CLANG_ENABLE_OBJC_WEAK = YES;
				CLANG_WARN_BLOCK_CAPTURE_AUTORELEASING = YES;
				CLANG_WARN_BOOL_CONVERSION = YES;
				CLANG_WARN_COMMA = YES;
				CLANG_WARN_CONSTANT_CONVERSION = YES;
				CLANG_WARN_DEPRECATED_OBJC_IMPLEMENTATIONS = YES;
				CLANG_WARN_DIRECT_OBJC_ISA_USAGE = YES_ERROR;
				CLANG_WARN_DOCUMENTATION_COMMENTS = YES;
				CLANG_WARN_EMPTY_BODY = YES;
				CLANG_WARN_ENUM_CONVERSION = YES;
				CLANG_WARN_INFINITE_RECURSION = YES;
				CLANG_WARN_INT_CONVERSION = YES;
				CLANG_WARN_NON_LITERAL_NULL_CONVERSION = YES;
				CLANG_WARN_OBJC_IMPLICIT_RETAIN_SELF = YES;
				CLANG_WARN_OBJC_LITERAL_CONVERSION = YES;
				CLANG_WARN_OBJC_ROOT_CLASS = YES_ERROR;
				CLANG_WARN_RANGE_LOOP_ANALYSIS = YES;
				CLANG_WARN_STRICT_PROTOTYPES = YES;
				CLANG_WARN_SUSPICIOUS_MOVE = YES;
				CLANG_WARN_UNGUARDED_AVAILABILITY = YES_AGGRESSIVE;
				CLANG_WARN_UNREACHABLE_CODE = YES;
				CLANG_WARN__DUPLICATE_METHOD_MATCH = YES;
				CODE_SIGN_IDENTITY = "iPhone Developer";
				COPY_PHASE_STRIP = NO;
				DEBUG_INFORMATION_FORMAT = dwarf;
				ENABLE_STRICT_OBJC_MSGSEND = YES;
				ENABLE_TESTABILITY = YES;
				GCC_C_LANGUAGE_STANDARD = gnu11;
				GCC_DYNAMIC_NO_PIC = NO;
				GCC_NO_COMMON_BLOCKS = YES;
				GCC_OPTIMIZATION_LEVEL = 0;
				GCC_PREPROCESSOR_DEFINITIONS = (
					"DEBUG=1",
					"$(inherited)",
				);
				GCC_WARN_64_TO_32_BIT_CONVERSION = YES;
				GCC_WARN_ABOUT_RETURN_TYPE = YES_ERROR;
				GCC_WARN_UNDECLARED_SELECTOR = YES;
				GCC_WARN_UNINITIALIZED_AUTOS = YES_AGGRESSIVE;
				GCC_WARN_UNUSED_FUNCTION = YES;
				GCC_WARN_UNUSED_VARIABLE = YES;
				IPHONEOS_DEPLOYMENT_TARGET = 12.2;
				MTL_ENABLE_DEBUG_INFO = INCLUDE_SOURCE;
				MTL_FAST_MATH = YES;
				ONLY_ACTIVE_ARCH = YES;
				SDKROOT = iphoneos;
				SWIFT_ACTIVE_COMPILATION_CONDITIONS = DEBUG;
				SWIFT_OPTIMIZATION_LEVEL = "-Onone";
			};
			name = Debug;
		};
		9DF580962306B966005F336B /* Release */ = {
			isa = XCBuildConfiguration;
			buildSettings = {
				ALWAYS_SEARCH_USER_PATHS = NO;
				CLANG_ANALYZER_NONNULL = YES;
				CLANG_ANALYZER_NUMBER_OBJECT_CONVERSION = YES_AGGRESSIVE;
				CLANG_CXX_LANGUAGE_STANDARD = "gnu++14";
				CLANG_CXX_LIBRARY = "libc++";
				CLANG_ENABLE_MODULES = YES;
				CLANG_ENABLE_OBJC_ARC = YES;
				CLANG_ENABLE_OBJC_WEAK = YES;
				CLANG_WARN_BLOCK_CAPTURE_AUTORELEASING = YES;
				CLANG_WARN_BOOL_CONVERSION = YES;
				CLANG_WARN_COMMA = YES;
				CLANG_WARN_CONSTANT_CONVERSION = YES;
				CLANG_WARN_DEPRECATED_OBJC_IMPLEMENTATIONS = YES;
				CLANG_WARN_DIRECT_OBJC_ISA_USAGE = YES_ERROR;
				CLANG_WARN_DOCUMENTATION_COMMENTS = YES;
				CLANG_WARN_EMPTY_BODY = YES;
				CLANG_WARN_ENUM_CONVERSION = YES;
				CLANG_WARN_INFINITE_RECURSION = YES;
				CLANG_WARN_INT_CONVERSION = YES;
				CLANG_WARN_NON_LITERAL_NULL_CONVERSION = YES;
				CLANG_WARN_OBJC_IMPLICIT_RETAIN_SELF = YES;
				CLANG_WARN_OBJC_LITERAL_CONVERSION = YES;
				CLANG_WARN_OBJC_ROOT_CLASS = YES_ERROR;
				CLANG_WARN_RANGE_LOOP_ANALYSIS = YES;
				CLANG_WARN_STRICT_PROTOTYPES = YES;
				CLANG_WARN_SUSPICIOUS_MOVE = YES;
				CLANG_WARN_UNGUARDED_AVAILABILITY = YES_AGGRESSIVE;
				CLANG_WARN_UNREACHABLE_CODE = YES;
				CLANG_WARN__DUPLICATE_METHOD_MATCH = YES;
				CODE_SIGN_IDENTITY = "iPhone Developer";
				COPY_PHASE_STRIP = NO;
				DEBUG_INFORMATION_FORMAT = "dwarf-with-dsym";
				ENABLE_NS_ASSERTIONS = NO;
				ENABLE_STRICT_OBJC_MSGSEND = YES;
				GCC_C_LANGUAGE_STANDARD = gnu11;
				GCC_NO_COMMON_BLOCKS = YES;
				GCC_WARN_64_TO_32_BIT_CONVERSION = YES;
				GCC_WARN_ABOUT_RETURN_TYPE = YES_ERROR;
				GCC_WARN_UNDECLARED_SELECTOR = YES;
				GCC_WARN_UNINITIALIZED_AUTOS = YES_AGGRESSIVE;
				GCC_WARN_UNUSED_FUNCTION = YES;
				GCC_WARN_UNUSED_VARIABLE = YES;
				IPHONEOS_DEPLOYMENT_TARGET = 12.2;
				MTL_ENABLE_DEBUG_INFO = NO;
				MTL_FAST_MATH = YES;
				SDKROOT = iphoneos;
				SWIFT_COMPILATION_MODE = wholemodule;
				SWIFT_OPTIMIZATION_LEVEL = "-O";
				VALIDATE_PRODUCT = YES;
			};
			name = Release;
		};
		9DF580982306B966005F336B /* Debug */ = {
			isa = XCBuildConfiguration;
			buildSettings = {
				ASSETCATALOG_COMPILER_APPICON_NAME = AppIcon;
				CODE_SIGN_STYLE = Automatic;
				DEVELOPMENT_TEAM = TXKCF76Y2G;
				INFOPLIST_FILE = EditableTableView/Info.plist;
				LD_RUNPATH_SEARCH_PATHS = (
					"$(inherited)",
					"@executable_path/Frameworks",
				);
				PRODUCT_BUNDLE_IDENTIFIER = io.github.futurelab.EditableTableView;
				PRODUCT_NAME = "$(TARGET_NAME)";
				SWIFT_VERSION = 5.0;
				TARGETED_DEVICE_FAMILY = "1,2";
			};
			name = Debug;
		};
		9DF580992306B966005F336B /* Release */ = {
			isa = XCBuildConfiguration;
			buildSettings = {
				ASSETCATALOG_COMPILER_APPICON_NAME = AppIcon;
				CODE_SIGN_STYLE = Automatic;
				DEVELOPMENT_TEAM = TXKCF76Y2G;
				INFOPLIST_FILE = EditableTableView/Info.plist;
				LD_RUNPATH_SEARCH_PATHS = (
					"$(inherited)",
					"@executable_path/Frameworks",
				);
				PRODUCT_BUNDLE_IDENTIFIER = io.github.futurelab.EditableTableView;
				PRODUCT_NAME = "$(TARGET_NAME)";
				SWIFT_VERSION = 5.0;
				TARGETED_DEVICE_FAMILY = "1,2";
			};
			name = Release;
		};
		9DF5809B2306B966005F336B /* Debug */ = {
			isa = XCBuildConfiguration;
			buildSettings = {
				ALWAYS_EMBED_SWIFT_STANDARD_LIBRARIES = YES;
				CODE_SIGN_STYLE = Automatic;
				DEVELOPMENT_TEAM = TXKCF76Y2G;
				INFOPLIST_FILE = EditableTableViewUITests/Info.plist;
				LD_RUNPATH_SEARCH_PATHS = (
					"$(inherited)",
					"@executable_path/Frameworks",
					"@loader_path/Frameworks",
				);
				PRODUCT_BUNDLE_IDENTIFIER = io.github.futurelab.EditableTableViewUITests;
				PRODUCT_NAME = "$(TARGET_NAME)";
				SWIFT_VERSION = 5.0;
				TARGETED_DEVICE_FAMILY = "1,2";
				TEST_TARGET_NAME = EditableTableView;
			};
			name = Debug;
		};
		9DF5809C2306B966005F336B /* Release */ = {
			isa = XCBuildConfiguration;
			buildSettings = {
				ALWAYS_EMBED_SWIFT_STANDARD_LIBRARIES = YES;
				CODE_SIGN_STYLE = Automatic;
				DEVELOPMENT_TEAM = TXKCF76Y2G;
				INFOPLIST_FILE = EditableTableViewUITests/Info.plist;
				LD_RUNPATH_SEARCH_PATHS = (
					"$(inherited)",
					"@executable_path/Frameworks",
					"@loader_path/Frameworks",
				);
				PRODUCT_BUNDLE_IDENTIFIER = io.github.futurelab.EditableTableViewUITests;
				PRODUCT_NAME = "$(TARGET_NAME)";
				SWIFT_VERSION = 5.0;
				TARGETED_DEVICE_FAMILY = "1,2";
				TEST_TARGET_NAME = EditableTableView;
			};
			name = Release;
		};
/* End XCBuildConfiguration section */

/* Begin XCConfigurationList section */
		9DF580752306B965005F336B /* Build configuration list for PBXProject "EditableTableView" */ = {
			isa = XCConfigurationList;
			buildConfigurations = (
				9DF580952306B966005F336B /* Debug */,
				9DF580962306B966005F336B /* Release */,
			);
			defaultConfigurationIsVisible = 0;
			defaultConfigurationName = Release;
		};
		9DF580972306B966005F336B /* Build configuration list for PBXNativeTarget "EditableTableView" */ = {
			isa = XCConfigurationList;
			buildConfigurations = (
				9DF580982306B966005F336B /* Debug */,
				9DF580992306B966005F336B /* Release */,
			);
			defaultConfigurationIsVisible = 0;
			defaultConfigurationName = Release;
		};
		9DF5809A2306B966005F336B /* Build configuration list for PBXNativeTarget "EditableTableViewUITests" */ = {
			isa = XCConfigurationList;
			buildConfigurations = (
				9DF5809B2306B966005F336B /* Debug */,
				9DF5809C2306B966005F336B /* Release */,
			);
			defaultConfigurationIsVisible = 0;
			defaultConfigurationName = Release;
		};
/* End XCConfigurationList section */
	};
	rootObject = 9DF580722306B965005F336B /* Project object */;
}
