// !$*UTF8*$!
{
	archiveVersion = 1;
	classes = {
	};
	objectVersion = 50;
	objects = {

/* Begin PBXBuildFile section */
		9D581D90230A95F500A9553D /* EditablePlaylistCell+Setter.swift in Sources */ = {isa = PBXBuildFile; fileRef = 9D581D8F230A95F500A9553D /* EditablePlaylistCell+Setter.swift */; };
		9D74AE4F2306BE1700848103 /* Spatial.framework in Frameworks */ = {isa = PBXBuildFile; fileRef = 9D74AE4C2306BE1600848103 /* Spatial.framework */; };
		9D74AE502306BE1700848103 /* Spatial.framework in Embed Frameworks */ = {isa = PBXBuildFile; fileRef = 9D74AE4C2306BE1600848103 /* Spatial.framework */; settings = {ATTRIBUTES = (CodeSignOnCopy, RemoveHeadersOnCopy, ); }; };
		9D74AE512306BE1700848103 /* ReusableCell_iOS.framework in Frameworks */ = {isa = PBXBuildFile; fileRef = 9D74AE4D2306BE1600848103 /* ReusableCell_iOS.framework */; };
		9D74AE522306BE1700848103 /* ReusableCell_iOS.framework in Embed Frameworks */ = {isa = PBXBuildFile; fileRef = 9D74AE4D2306BE1600848103 /* ReusableCell_iOS.framework */; settings = {ATTRIBUTES = (CodeSignOnCopy, RemoveHeadersOnCopy, ); }; };
		9D74AE532306BE1700848103 /* With.framework in Frameworks */ = {isa = PBXBuildFile; fileRef = 9D74AE4E2306BE1600848103 /* With.framework */; };
		9D74AE542306BE1700848103 /* With.framework in Embed Frameworks */ = {isa = PBXBuildFile; fileRef = 9D74AE4E2306BE1600848103 /* With.framework */; settings = {ATTRIBUTES = (CodeSignOnCopy, RemoveHeadersOnCopy, ); }; };
		9D74AE572306C38F00848103 /* EditTable+Cell.swift in Sources */ = {isa = PBXBuildFile; fileRef = 9D74AE562306C38F00848103 /* EditTable+Cell.swift */; };
		9D74AE5C2306CA5E00848103 /* EditViewHeader+Const.swift in Sources */ = {isa = PBXBuildFile; fileRef = 9D74AE5B2306CA5E00848103 /* EditViewHeader+Const.swift */; };
		9D74AE5E2306E73500848103 /* EditTable+Data.swift in Sources */ = {isa = PBXBuildFile; fileRef = 9D74AE5D2306E73500848103 /* EditTable+Data.swift */; };
		9D74AE692306E7A400848103 /* PlaylistCellDataKind.swift in Sources */ = {isa = PBXBuildFile; fileRef = 9D74AE602306E7A400848103 /* PlaylistCellDataKind.swift */; };
		9D74AE6A2306E7A400848103 /* PlaylistItemData.swift in Sources */ = {isa = PBXBuildFile; fileRef = 9D74AE612306E7A400848103 /* PlaylistItemData.swift */; };
		9D74AE6B2306E7A400848103 /* EditablePlaylistCell.swift in Sources */ = {isa = PBXBuildFile; fileRef = 9D74AE632306E7A400848103 /* EditablePlaylistCell.swift */; };
		9D74AE6C2306E7A400848103 /* EditablePlaylistCell+Const.swift in Sources */ = {isa = PBXBuildFile; fileRef = 9D74AE642306E7A400848103 /* EditablePlaylistCell+Const.swift */; };
		9D74AE6D2306E7A400848103 /* EditablePlaylistCell+Create.swift in Sources */ = {isa = PBXBuildFile; fileRef = 9D74AE652306E7A400848103 /* EditablePlaylistCell+Create.swift */; };
		9D74AE6F2306E7A400848103 /* BaseCell.swift in Sources */ = {isa = PBXBuildFile; fileRef = 9D74AE672306E7A400848103 /* BaseCell.swift */; };
		9D74AE702306E7A400848103 /* CellDataKind.swift in Sources */ = {isa = PBXBuildFile; fileRef = 9D74AE682306E7A400848103 /* CellDataKind.swift */; };
		9D74AE722306E82200848103 /* EditTable+Move.swift in Sources */ = {isa = PBXBuildFile; fileRef = 9D74AE712306E82200848103 /* EditTable+Move.swift */; };
		9DF5807E2306B965005F336B /* AppDelegate.swift in Sources */ = {isa = PBXBuildFile; fileRef = 9DF5807D2306B965005F336B /* AppDelegate.swift */; };
		9DF580852306B966005F336B /* Assets.xcassets in Resources */ = {isa = PBXBuildFile; fileRef = 9DF580842306B966005F336B /* Assets.xcassets */; };
		9DF580882306B966005F336B /* LaunchScreen.storyboard in Resources */ = {isa = PBXBuildFile; fileRef = 9DF580862306B966005F336B /* LaunchScreen.storyboard */; };
		9DF580932306B966005F336B /* EditableTableViewUITests.swift in Sources */ = {isa = PBXBuildFile; fileRef = 9DF580922306B966005F336B /* EditableTableViewUITests.swift */; };
		9DF580A82306BC65005F336B /* EditView.swift in Sources */ = {isa = PBXBuildFile; fileRef = 9DF5809F2306BC65005F336B /* EditView.swift */; };
		9DF580A92306BC65005F336B /* EditView+Event.swift in Sources */ = {isa = PBXBuildFile; fileRef = 9DF580A02306BC65005F336B /* EditView+Event.swift */; };
		9DF580AA2306BC65005F336B /* EditTable.swift in Sources */ = {isa = PBXBuildFile; fileRef = 9DF580A22306BC65005F336B /* EditTable.swift */; };
		9DF580AB2306BC65005F336B /* EditView+Create.swift in Sources */ = {isa = PBXBuildFile; fileRef = 9DF580A32306BC65005F336B /* EditView+Create.swift */; };
		9DF580AC2306BC65005F336B /* EditViewHeader+Event.swift in Sources */ = {isa = PBXBuildFile; fileRef = 9DF580A52306BC65005F336B /* EditViewHeader+Event.swift */; };
		9DF580AD2306BC65005F336B /* EditViewHeader+Create.swift in Sources */ = {isa = PBXBuildFile; fileRef = 9DF580A62306BC65005F336B /* EditViewHeader+Create.swift */; };
		9DF580AE2306BC65005F336B /* EditViewHeader.swift in Sources */ = {isa = PBXBuildFile; fileRef = 9DF580A72306BC65005F336B /* EditViewHeader.swift */; };
		9DF580B02306BC8D005F336B /* MainVC.swift in Sources */ = {isa = PBXBuildFile; fileRef = 9DF580AF2306BC8D005F336B /* MainVC.swift */; };
/* End PBXBuildFile section */

/* Begin PBXContainerItemProxy section */
		9DF5808F2306B966005F336B /* PBXContainerItemProxy */ = {
			isa = PBXContainerItemProxy;
			containerPortal = 9DF580722306B965005F336B /* Project object */;
			proxyType = 1;
			remoteGlobalIDString = 9DF580792306B965005F336B;
			remoteInfo = EditableTableView;
		};
/* End PBXContainerItemProxy section */

/* Begin PBXCopyFilesBuildPhase section */
		9D74AE552306BE1700848103 /* Embed Frameworks */ = {
			isa = PBXCopyFilesBuildPhase;
			buildActionMask = 2147483647;
			dstPath = "";
			dstSubfolderSpec = 10;
			files = (
				9D74AE502306BE1700848103 /* Spatial.framework in Embed Frameworks */,
				9D74AE522306BE1700848103 /* ReusableCell_iOS.framework in Embed Frameworks */,
				9D74AE542306BE1700848103 /* With.framework in Embed Frameworks */,
			);
			name = "Embed Frameworks";
			runOnlyForDeploymentPostprocessing = 0;
		};
/* End PBXCopyFilesBuildPhase section */

/* Begin PBXFileReference section */
		9D581D8F230A95F500A9553D /* EditablePlaylistCell+Setter.swift */ = {isa = PBXFileReference; lastKnownFileType = sourcecode.swift; path = "EditablePlaylistCell+Setter.swift"; sourceTree = "<group>"; };
		9D74AE4C2306BE1600848103 /* Spatial.framework */ = {isa = PBXFileReference; lastKnownFileType = wrapper.framework; name = Spatial.framework; path = Carthage/Build/iOS/Spatial.framework; sourceTree = "<group>"; };
		9D74AE4D2306BE1600848103 /* ReusableCell_iOS.framework */ = {isa = PBXFileReference; lastKnownFileType = wrapper.framework; name = ReusableCell_iOS.framework; path = Carthage/Build/iOS/ReusableCell_iOS.framework; sourceTree = "<group>"; };
		9D74AE4E2306BE1600848103 /* With.framework */ = {isa = PBXFileReference; lastKnownFileType = wrapper.framework; name = With.framework; path = Carthage/Build/iOS/With.framework; sourceTree = "<group>"; };
		9D74AE562306C38F00848103 /* EditTable+Cell.swift */ = {isa = PBXFileReference; lastKnownFileType = sourcecode.swift; path = "EditTable+Cell.swift"; sourceTree = "<group>"; };
		9D74AE5B2306CA5E00848103 /* EditViewHeader+Const.swift */ = {isa = PBXFileReference; lastKnownFileType = sourcecode.swift; path = "EditViewHeader+Const.swift"; sourceTree = "<group>"; };
		9D74AE5D2306E73500848103 /* EditTable+Data.swift */ = {isa = PBXFileReference; lastKnownFileType = sourcecode.swift; path = "EditTable+Data.swift"; sourceTree = "<group>"; };
		9D74AE602306E7A400848103 /* PlaylistCellDataKind.swift */ = {isa = PBXFileReference; fileEncoding = 4; lastKnownFileType = sourcecode.swift; path = PlaylistCellDataKind.swift; sourceTree = "<group>"; };
		9D74AE612306E7A400848103 /* PlaylistItemData.swift */ = {isa = PBXFileReference; fileEncoding = 4; lastKnownFileType = sourcecode.swift; path = PlaylistItemData.swift; sourceTree = "<group>"; };
		9D74AE632306E7A400848103 /* EditablePlaylistCell.swift */ = {isa = PBXFileReference; fileEncoding = 4; lastKnownFileType = sourcecode.swift; path = EditablePlaylistCell.swift; sourceTree = "<group>"; };
		9D74AE642306E7A400848103 /* EditablePlaylistCell+Const.swift */ = {isa = PBXFileReference; fileEncoding = 4; lastKnownFileType = sourcecode.swift; path = "EditablePlaylistCell+Const.swift"; sourceTree = "<group>"; };
		9D74AE652306E7A400848103 /* EditablePlaylistCell+Create.swift */ = {isa = PBXFileReference; fileEncoding = 4; lastKnownFileType = sourcecode.swift; path = "EditablePlaylistCell+Create.swift"; sourceTree = "<group>"; };
		9D74AE672306E7A400848103 /* BaseCell.swift */ = {isa = PBXFileReference; fileEncoding = 4; lastKnownFileType = sourcecode.swift; path = BaseCell.swift; sourceTree = "<group>"; };
		9D74AE682306E7A400848103 /* CellDataKind.swift */ = {isa = PBXFileReference; fileEncoding = 4; lastKnownFileType = sourcecode.swift; path = CellDataKind.swift; sourceTree = "<group>"; };
		9D74AE712306E82200848103 /* EditTable+Move.swift */ = {isa = PBXFileReference; lastKnownFileType = sourcecode.swift; path = "EditTable+Move.swift"; sourceTree = "<group>"; };
		9DF5807A2306B965005F336B /* EditableTableView.app */ = {isa = PBXFileReference; explicitFileType = wrapper.application; includeInIndex = 0; path = EditableTableView.app; sourceTree = BUILT_PRODUCTS_DIR; };
		9DF5807D2306B965005F336B /* AppDelegate.swift */ = {isa = PBXFileReference; lastKnownFileType = sourcecode.swift; path = AppDelegate.swift; sourceTree = "<group>"; };
		9DF580842306B966005F336B /* Assets.xcassets */ = {isa = PBXFileReference; lastKnownFileType = folder.assetcatalog; path = Assets.xcassets; sourceTree = "<group>"; };
		9DF580872306B966005F336B /* Base */ = {isa = PBXFileReference; lastKnownFileType = file.storyboard; name = Base; path = Base.lproj/LaunchScreen.storyboard; sourceTree = "<group>"; };
		9DF580892306B966005F336B /* Info.plist */ = {isa = PBXFileReference; lastKnownFileType = text.plist.xml; path = Info.plist; sourceTree = "<group>"; };
		9DF5808E2306B966005F336B /* EditableTableViewUITests.xctest */ = {isa = PBXFileReference; explicitFileType = wrapper.cfbundle; includeInIndex = 0; path = EditableTableViewUITests.xctest; sourceTree = BUILT_PRODUCTS_DIR; };
		9DF580922306B966005F336B /* EditableTableViewUITests.swift */ = {isa = PBXFileReference; lastKnownFileType = sourcecode.swift; path = EditableTableViewUITests.swift; sourceTree = "<group>"; };
		9DF580942306B966005F336B /* Info.plist */ = {isa = PBXFileReference; lastKnownFileType = text.plist.xml; path = Info.plist; sourceTree = "<group>"; };
		9DF5809F2306BC65005F336B /* EditView.swift */ = {isa = PBXFileReference; fileEncoding = 4; lastKnownFileType = sourcecode.swift; path = EditView.swift; sourceTree = "<group>"; };
		9DF580A02306BC65005F336B /* EditView+Event.swift */ = {isa = PBXFileReference; fileEncoding = 4; lastKnownFileType = sourcecode.swift; path = "EditView+Event.swift"; sourceTree = "<group>"; };
		9DF580A22306BC65005F336B /* EditTable.swift */ = {isa = PBXFileReference; fileEncoding = 4; lastKnownFileType = sourcecode.swift; path = EditTable.swift; sourceTree = "<group>"; };
		9DF580A32306BC65005F336B /* EditView+Create.swift */ = {isa = PBXFileReference; fileEncoding = 4; lastKnownFileType = sourcecode.swift; path = "EditView+Create.swift"; sourceTree = "<group>"; };
		9DF580A52306BC65005F336B /* EditViewHeader+Event.swift */ = {isa = PBXFileReference; fileEncoding = 4; lastKnownFileType = sourcecode.swift; path = "EditViewHeader+Event.swift"; sourceTree = "<group>"; };
		9DF580A62306BC65005F336B /* EditViewHeader+Create.swift */ = {isa = PBXFileReference; fileEncoding = 4; lastKnownFileType = sourcecode.swift; path = "EditViewHeader+Create.swift"; sourceTree = "<group>"; };
		9DF580A72306BC65005F336B /* EditViewHeader.swift */ = {isa = PBXFileReference; fileEncoding = 4; lastKnownFileType = sourcecode.swift; path = EditViewHeader.swift; sourceTree = "<group>"; };
		9DF580AF2306BC8D005F336B /* MainVC.swift */ = {isa = PBXFileReference; lastKnownFileType = sourcecode.swift; path = MainVC.swift; sourceTree = "<group>"; };
/* End PBXFileReference section */

/* Begin PBXFrameworksBuildPhase section */
		9DF580772306B965005F336B /* Frameworks */ = {
			isa = PBXFrameworksBuildPhase;
			buildActionMask = 2147483647;
			files = (
				9D74AE4F2306BE1700848103 /* Spatial.framework in Frameworks */,
				9D74AE512306BE1700848103 /* ReusableCell_iOS.framework in Frameworks */,
				9D74AE532306BE1700848103 /* With.framework in Frameworks */,
			);
			runOnlyForDeploymentPostprocessing = 0;
		};
		9DF5808B2306B966005F336B /* Frameworks */ = {
			isa = PBXFrameworksBuildPhase;
			buildActionMask = 2147483647;
			files = (
			);
			runOnlyForDeploymentPostprocessing = 0;
		};
/* End PBXFrameworksBuildPhase section */

/* Begin PBXGroup section */
		9D74AE582306C58E00848103 /* cell */ = {
			isa = PBXGroup;
			children = (
				9D74AE672306E7A400848103 /* BaseCell.swift */,
				9D74AE682306E7A400848103 /* CellDataKind.swift */,
				9D74AE5F2306E7A400848103 /* data */,
				9D74AE622306E7A400848103 /* playlist */,
			);
			path = cell;
			sourceTree = "<group>";
		};
		9D74AE5F2306E7A400848103 /* data */ = {
			isa = PBXGroup;
			children = (
				9D74AE602306E7A400848103 /* PlaylistCellDataKind.swift */,
				9D74AE612306E7A400848103 /* PlaylistItemData.swift */,
			);
			path = data;
			sourceTree = "<group>";
		};
		9D74AE622306E7A400848103 /* playlist */ = {
			isa = PBXGroup;
			children = (
				9D74AE632306E7A400848103 /* EditablePlaylistCell.swift */,
				9D581D8F230A95F500A9553D /* EditablePlaylistCell+Setter.swift */,
				9D74AE642306E7A400848103 /* EditablePlaylistCell+Const.swift */,
				9D74AE652306E7A400848103 /* EditablePlaylistCell+Create.swift */,
			);
			path = playlist;
			sourceTree = "<group>";
		};
		9DF580712306B965005F336B = {
			isa = PBXGroup;
			children = (
				9D74AE4D2306BE1600848103 /* ReusableCell_iOS.framework */,
				9D74AE4C2306BE1600848103 /* Spatial.framework */,
				9D74AE4E2306BE1600848103 /* With.framework */,
				9DF5807C2306B965005F336B /* EditableTableView */,
				9DF580912306B966005F336B /* EditableTableViewUITests */,
				9DF5807B2306B965005F336B /* Products */,
			);
			sourceTree = "<group>";
		};
		9DF5807B2306B965005F336B /* Products */ = {
			isa = PBXGroup;
			children = (
				9DF5807A2306B965005F336B /* EditableTableView.app */,
				9DF5808E2306B966005F336B /* EditableTableViewUITests.xctest */,
			);
			name = Products;
			sourceTree = "<group>";
		};
		9DF5807C2306B965005F336B /* EditableTableView */ = {
			isa = PBXGroup;
			children = (
				9DF5809D2306BC65005F336B /* src */,
				9DF5807D2306B965005F336B /* AppDelegate.swift */,
				9DF580AF2306BC8D005F336B /* MainVC.swift */,
				9DF580842306B966005F336B /* Assets.xcassets */,
				9DF580862306B966005F336B /* LaunchScreen.storyboard */,
				9DF580892306B966005F336B /* Info.plist */,
			);
			path = EditableTableView;
			sourceTree = "<group>";
		};
		9DF580912306B966005F336B /* EditableTableViewUITests */ = {
			isa = PBXGroup;
			children = (
				9DF580922306B966005F336B /* EditableTableViewUITests.swift */,
				9DF580942306B966005F336B /* Info.plist */,
			);
			path = EditableTableViewUITests;
			sourceTree = "<group>";
		};
		9DF5809D2306BC65005F336B /* src */ = {
			isa = PBXGroup;
			children = (
				9DF5809E2306BC65005F336B /* view */,
			);
			path = src;
			sourceTree = "<group>";
		};
		9DF5809E2306BC65005F336B /* view */ = {
			isa = PBXGroup;
			children = (
				9DF5809F2306BC65005F336B /* EditView.swift */,
				9DF580A02306BC65005F336B /* EditView+Event.swift */,
				9DF580A32306BC65005F336B /* EditView+Create.swift */,
				9DF580A12306BC65005F336B /* table */,
				9DF580A42306BC65005F336B /* header */,
			);
			path = view;
			sourceTree = "<group>";
		};
		9DF580A12306BC65005F336B /* table */ = {
			isa = PBXGroup;
			children = (
				9DF580A22306BC65005F336B /* EditTable.swift */,
				9D74AE562306C38F00848103 /* EditTable+Cell.swift */,
				9D74AE712306E82200848103 /* EditTable+Move.swift */,
				9D74AE5D2306E73500848103 /* EditTable+Data.swift */,
				9D74AE582306C58E00848103 /* cell */,
			);
			path = table;
			sourceTree = "<group>";
		};
		9DF580A42306BC65005F336B /* header */ = {
			isa = PBXGroup;
			children = (
				9DF580A52306BC65005F336B /* EditViewHeader+Event.swift */,
				9DF580A62306BC65005F336B /* EditViewHeader+Create.swift */,
				9DF580A72306BC65005F336B /* EditViewHeader.swift */,
				9D74AE5B2306CA5E00848103 /* EditViewHeader+Const.swift */,
			);
			path = header;
			sourceTree = "<group>";
		};
/* End PBXGroup section */

/* Begin PBXNativeTarget section */
		9DF580792306B965005F336B /* EditableTableView */ = {
			isa = PBXNativeTarget;
			buildConfigurationList = 9DF580972306B966005F336B /* Build configuration list for PBXNativeTarget "EditableTableView" */;
			buildPhases = (
				9DF580762306B965005F336B /* Sources */,
				9DF580772306B965005F336B /* Frameworks */,
				9DF580782306B965005F336B /* Resources */,
				9D74AE552306BE1700848103 /* Embed Frameworks */,
				9D581D8E230A90CB00A9553D /* ShellScript */,
			);
			buildRules = (
			);
			dependencies = (
			);
			name = EditableTableView;
			productName = EditableTableView;
			productReference = 9DF5807A2306B965005F336B /* EditableTableView.app */;
			productType = "com.apple.product-type.application";
		};
		9DF5808D2306B966005F336B /* EditableTableViewUITests */ = {
			isa = PBXNativeTarget;
			buildConfigurationList = 9DF5809A2306B966005F336B /* Build configuration list for PBXNativeTarget "EditableTableViewUITests" */;
			buildPhases = (
				9DF5808A2306B966005F336B /* Sources */,
				9DF5808B2306B966005F336B /* Frameworks */,
				9DF5808C2306B966005F336B /* Resources */,
			);
			buildRules = (
			);
			dependencies = (
				9DF580902306B966005F336B /* PBXTargetDependency */,
			);
			name = EditableTableViewUITests;
			productName = EditableTableViewUITests;
			productReference = 9DF5808E2306B966005F336B /* EditableTableViewUITests.xctest */;
			productType = "com.apple.product-type.bundle.ui-testing";
		};
/* End PBXNativeTarget section */

/* Begin PBXProject section */
		9DF580722306B965005F336B /* Project object */ = {
			isa = PBXProject;
			attributes = {
				LastSwiftUpdateCheck = 1020;
				LastUpgradeCheck = 1020;
				ORGANIZATIONNAME = futurelab;
				TargetAttributes = {
					9DF580792306B965005F336B = {
						CreatedOnToolsVersion = 10.2.1;
					};
					9DF5808D2306B966005F336B = {
						CreatedOnToolsVersion = 10.2.1;
						TestTargetID = 9DF580792306B965005F336B;
					};
				};
			};
			buildConfigurationList = 9DF580752306B965005F336B /* Build configuration list for PBXProject "EditableTableView" */;
			compatibilityVersion = "Xcode 9.3";
			developmentRegion = en;
			hasScannedForEncodings = 0;
			knownRegions = (
				en,
				Base,
			);
			mainGroup = 9DF580712306B965005F336B;
			productRefGroup = 9DF5807B2306B965005F336B /* Products */;
			projectDirPath = "";
			projectRoot = "";
			targets = (
				9DF580792306B965005F336B /* EditableTableView */,
				9DF5808D2306B966005F336B /* EditableTableViewUITests */,
			);
		};
/* End PBXProject section */

/* Begin PBXResourcesBuildPhase section */
		9DF580782306B965005F336B /* Resources */ = {
			isa = PBXResourcesBuildPhase;
			buildActionMask = 2147483647;
			files = (
				9DF580882306B966005F336B /* LaunchScreen.storyboard in Resources */,
				9DF580852306B966005F336B /* Assets.xcassets in Resources */,
			);
			runOnlyForDeploymentPostprocessing = 0;
		};
		9DF5808C2306B966005F336B /* Resources */ = {
			isa = PBXResourcesBuildPhase;
			buildActionMask = 2147483647;
			files = (
			);
			runOnlyForDeploymentPostprocessing = 0;
		};
/* End PBXResourcesBuildPhase section */

/* Begin PBXShellScriptBuildPhase section */
		9D581D8E230A90CB00A9553D /* ShellScript */ = {
			isa = PBXShellScriptBuildPhase;
			buildActionMask = 2147483647;
			files = (
			);
			inputFileListPaths = (
			);
			inputPaths = (
			);
			outputFileListPaths = (
			);
			outputPaths = (
			);
			runOnlyForDeploymentPostprocessing = 0;
			shellPath = /bin/sh;
			shellScript = "if which swiftlint >/dev/null; then\nswiftlint\nelse\necho \"warning: SwiftLint not installed, download from https://github.com/realm/SwiftLint\"\nfi\n";
		};
/* End PBXShellScriptBuildPhase section */

/* Begin PBXSourcesBuildPhase section */
		9DF580762306B965005F336B /* Sources */ = {
			isa = PBXSourcesBuildPhase;
			buildActionMask = 2147483647;
			files = (
				9DF580AB2306BC65005F336B /* EditView+Create.swift in Sources */,
				9D74AE722306E82200848103 /* EditTable+Move.swift in Sources */,
				9DF580B02306BC8D005F336B /* MainVC.swift in Sources */,
				9DF580AE2306BC65005F336B /* EditViewHeader.swift in Sources */,
				9D74AE5E2306E73500848103 /* EditTable+Data.swift in Sources */,
				9D74AE702306E7A400848103 /* CellDataKind.swift in Sources */,
				9DF580AC2306BC65005F336B /* EditViewHeader+Event.swift in Sources */,
				9D74AE5C2306CA5E00848103 /* EditViewHeader+Const.swift in Sources */,
				9D74AE572306C38F00848103 /* EditTable+Cell.swift in Sources */,
				9D74AE6D2306E7A400848103 /* EditablePlaylistCell+Create.swift in Sources */,
				9D74AE6F2306E7A400848103 /* BaseCell.swift in Sources */,
				9DF580AA2306BC65005F336B /* EditTable.swift in Sources */,
				9D581D90230A95F500A9553D /* EditablePlaylistCell+Setter.swift in Sources */,
				9DF5807E2306B965005F336B /* AppDelegate.swift in Sources */,
				9DF580A82306BC65005F336B /* EditView.swift in Sources */,
				9DF580AD2306BC65005F336B /* EditViewHeader+Create.swift in Sources */,
				9DF580A92306BC65005F336B /* EditView+Event.swift in Sources */,
				9D74AE6A2306E7A400848103 /* PlaylistItemData.swift in Sources */,
				9D74AE692306E7A400848103 /* PlaylistCellDataKind.swift in Sources */,
				9D74AE6B2306E7A400848103 /* EditablePlaylistCell.swift in Sources */,
				9D74AE6C2306E7A400848103 /* EditablePlaylistCell+Const.swift in Sources */,
			);
			runOnlyForDeploymentPostprocessing = 0;
		};
		9DF5808A2306B966005F336B /* Sources */ = {
			isa = PBXSourcesBuildPhase;
			buildActionMask = 2147483647;
			files = (
				9DF580932306B966005F336B /* EditableTableViewUITests.swift in Sources */,
			);
			runOnlyForDeploymentPostprocessing = 0;
		};
/* End PBXSourcesBuildPhase section */

/* Begin PBXTargetDependency section */
		9DF580902306B966005F336B /* PBXTargetDependency */ = {
			isa = PBXTargetDependency;
			target = 9DF580792306B965005F336B /* EditableTableView */;
			targetProxy = 9DF5808F2306B966005F336B /* PBXContainerItemProxy */;
		};
/* End PBXTargetDependency section */

/* Begin PBXVariantGroup section */
		9DF580862306B966005F336B /* LaunchScreen.storyboard */ = {
			isa = PBXVariantGroup;
			children = (
				9DF580872306B966005F336B /* Base */,
			);
			name = LaunchScreen.storyboard;
			sourceTree = "<group>";
		};
/* End PBXVariantGroup section */

/* Begin XCBuildConfiguration section */
		9DF580952306B966005F336B /* Debug */ = {
			isa = XCBuildConfiguration;
			buildSettings = {
				ALWAYS_SEARCH_USER_PATHS = NO;
				CLANG_ANALYZER_NONNULL = YES;
				CLANG_ANALYZER_NUMBER_OBJECT_CONVERSION = YES_AGGRESSIVE;
				CLANG_CXX_LANGUAGE_STANDARD = "gnu++14";
				CLANG_CXX_LIBRARY = "libc++";
				CLANG_ENABLE_MODULES = YES;
				CLANG_ENABLE_OBJC_ARC = YES;
				CLANG_ENABLE_OBJC_WEAK = YES;
				CLANG_WARN_BLOCK_CAPTURE_AUTORELEASING = YES;
				CLANG_WARN_BOOL_CONVERSION = YES;
				CLANG_WARN_COMMA = YES;
				CLANG_WARN_CONSTANT_CONVERSION = YES;
				CLANG_WARN_DEPRECATED_OBJC_IMPLEMENTATIONS = YES;
				CLANG_WARN_DIRECT_OBJC_ISA_USAGE = YES_ERROR;
				CLANG_WARN_DOCUMENTATION_COMMENTS = YES;
				CLANG_WARN_EMPTY_BODY = YES;
				CLANG_WARN_ENUM_CONVERSION = YES;
				CLANG_WARN_INFINITE_RECURSION = YES;
				CLANG_WARN_INT_CONVERSION = YES;
				CLANG_WARN_NON_LITERAL_NULL_CONVERSION = YES;
				CLANG_WARN_OBJC_IMPLICIT_RETAIN_SELF = YES;
				CLANG_WARN_OBJC_LITERAL_CONVERSION = YES;
				CLANG_WARN_OBJC_ROOT_CLASS = YES_ERROR;
				CLANG_WARN_RANGE_LOOP_ANALYSIS = YES;
				CLANG_WARN_STRICT_PROTOTYPES = YES;
				CLANG_WARN_SUSPICIOUS_MOVE = YES;
				CLANG_WARN_UNGUARDED_AVAILABILITY = YES_AGGRESSIVE;
				CLANG_WARN_UNREACHABLE_CODE = YES;
				CLANG_WARN__DUPLICATE_METHOD_MATCH = YES;
				CODE_SIGN_IDENTITY = "iPhone Developer";
				COPY_PHASE_STRIP = NO;
				DEBUG_INFORMATION_FORMAT = dwarf;
				ENABLE_STRICT_OBJC_MSGSEND = YES;
				ENABLE_TESTABILITY = YES;
				GCC_C_LANGUAGE_STANDARD = gnu11;
				GCC_DYNAMIC_NO_PIC = NO;
				GCC_NO_COMMON_BLOCKS = YES;
				GCC_OPTIMIZATION_LEVEL = 0;
				GCC_PREPROCESSOR_DEFINITIONS = (
					"DEBUG=1",
					"$(inherited)",
				);
				GCC_WARN_64_TO_32_BIT_CONVERSION = YES;
				GCC_WARN_ABOUT_RETURN_TYPE = YES_ERROR;
				GCC_WARN_UNDECLARED_SELECTOR = YES;
				GCC_WARN_UNINITIALIZED_AUTOS = YES_AGGRESSIVE;
				GCC_WARN_UNUSED_FUNCTION = YES;
				GCC_WARN_UNUSED_VARIABLE = YES;
				IPHONEOS_DEPLOYMENT_TARGET = 12.2;
				MTL_ENABLE_DEBUG_INFO = INCLUDE_SOURCE;
				MTL_FAST_MATH = YES;
				ONLY_ACTIVE_ARCH = YES;
				SDKROOT = iphoneos;
				SWIFT_ACTIVE_COMPILATION_CONDITIONS = DEBUG;
				SWIFT_OPTIMIZATION_LEVEL = "-Onone";
			};
			name = Debug;
		};
		9DF580962306B966005F336B /* Release */ = {
			isa = XCBuildConfiguration;
			buildSettings = {
				ALWAYS_SEARCH_USER_PATHS = NO;
				CLANG_ANALYZER_NONNULL = YES;
				CLANG_ANALYZER_NUMBER_OBJECT_CONVERSION = YES_AGGRESSIVE;
				CLANG_CXX_LANGUAGE_STANDARD = "gnu++14";
				CLANG_CXX_LIBRARY = "libc++";
				CLANG_ENABLE_MODULES = YES;
				CLANG_ENABLE_OBJC_ARC = YES;
				CLANG_ENABLE_OBJC_WEAK = YES;
				CLANG_WARN_BLOCK_CAPTURE_AUTORELEASING = YES;
				CLANG_WARN_BOOL_CONVERSION = YES;
				CLANG_WARN_COMMA = YES;
				CLANG_WARN_CONSTANT_CONVERSION = YES;
				CLANG_WARN_DEPRECATED_OBJC_IMPLEMENTATIONS = YES;
				CLANG_WARN_DIRECT_OBJC_ISA_USAGE = YES_ERROR;
				CLANG_WARN_DOCUMENTATION_COMMENTS = YES;
				CLANG_WARN_EMPTY_BODY = YES;
				CLANG_WARN_ENUM_CONVERSION = YES;
				CLANG_WARN_INFINITE_RECURSION = YES;
				CLANG_WARN_INT_CONVERSION = YES;
				CLANG_WARN_NON_LITERAL_NULL_CONVERSION = YES;
				CLANG_WARN_OBJC_IMPLICIT_RETAIN_SELF = YES;
				CLANG_WARN_OBJC_LITERAL_CONVERSION = YES;
				CLANG_WARN_OBJC_ROOT_CLASS = YES_ERROR;
				CLANG_WARN_RANGE_LOOP_ANALYSIS = YES;
				CLANG_WARN_STRICT_PROTOTYPES = YES;
				CLANG_WARN_SUSPICIOUS_MOVE = YES;
				CLANG_WARN_UNGUARDED_AVAILABILITY = YES_AGGRESSIVE;
				CLANG_WARN_UNREACHABLE_CODE = YES;
				CLANG_WARN__DUPLICATE_METHOD_MATCH = YES;
				CODE_SIGN_IDENTITY = "iPhone Developer";
				COPY_PHASE_STRIP = NO;
				DEBUG_INFORMATION_FORMAT = "dwarf-with-dsym";
				ENABLE_NS_ASSERTIONS = NO;
				ENABLE_STRICT_OBJC_MSGSEND = YES;
				GCC_C_LANGUAGE_STANDARD = gnu11;
				GCC_NO_COMMON_BLOCKS = YES;
				GCC_WARN_64_TO_32_BIT_CONVERSION = YES;
				GCC_WARN_ABOUT_RETURN_TYPE = YES_ERROR;
				GCC_WARN_UNDECLARED_SELECTOR = YES;
				GCC_WARN_UNINITIALIZED_AUTOS = YES_AGGRESSIVE;
				GCC_WARN_UNUSED_FUNCTION = YES;
				GCC_WARN_UNUSED_VARIABLE = YES;
				IPHONEOS_DEPLOYMENT_TARGET = 12.2;
				MTL_ENABLE_DEBUG_INFO = NO;
				MTL_FAST_MATH = YES;
				SDKROOT = iphoneos;
				SWIFT_COMPILATION_MODE = wholemodule;
				SWIFT_OPTIMIZATION_LEVEL = "-O";
				VALIDATE_PRODUCT = YES;
			};
			name = Release;
		};
		9DF580982306B966005F336B /* Debug */ = {
			isa = XCBuildConfiguration;
			buildSettings = {
				ASSETCATALOG_COMPILER_APPICON_NAME = AppIcon;
				CODE_SIGN_STYLE = Automatic;
				DEVELOPMENT_TEAM = TXKCF76Y2G;
				FRAMEWORK_SEARCH_PATHS = (
					"$(inherited)",
					"$(PROJECT_DIR)/Carthage/Build/iOS",
				);
				INFOPLIST_FILE = EditableTableView/Info.plist;
				LD_RUNPATH_SEARCH_PATHS = (
					"$(inherited)",
					"@executable_path/Frameworks",
				);
				PRODUCT_BUNDLE_IDENTIFIER = io.github.futurelab.EditableTableView;
				PRODUCT_NAME = "$(TARGET_NAME)";
				SWIFT_VERSION = 5.0;
				TARGETED_DEVICE_FAMILY = "1,2";
			};
			name = Debug;
		};
		9DF580992306B966005F336B /* Release */ = {
			isa = XCBuildConfiguration;
			buildSettings = {
				ASSETCATALOG_COMPILER_APPICON_NAME = AppIcon;
				CODE_SIGN_STYLE = Automatic;
				DEVELOPMENT_TEAM = TXKCF76Y2G;
				FRAMEWORK_SEARCH_PATHS = (
					"$(inherited)",
					"$(PROJECT_DIR)/Carthage/Build/iOS",
				);
				INFOPLIST_FILE = EditableTableView/Info.plist;
				LD_RUNPATH_SEARCH_PATHS = (
					"$(inherited)",
					"@executable_path/Frameworks",
				);
				PRODUCT_BUNDLE_IDENTIFIER = io.github.futurelab.EditableTableView;
				PRODUCT_NAME = "$(TARGET_NAME)";
				SWIFT_VERSION = 5.0;
				TARGETED_DEVICE_FAMILY = "1,2";
			};
			name = Release;
		};
		9DF5809B2306B966005F336B /* Debug */ = {
			isa = XCBuildConfiguration;
			buildSettings = {
				ALWAYS_EMBED_SWIFT_STANDARD_LIBRARIES = YES;
				CODE_SIGN_STYLE = Automatic;
				DEVELOPMENT_TEAM = TXKCF76Y2G;
				INFOPLIST_FILE = EditableTableViewUITests/Info.plist;
				LD_RUNPATH_SEARCH_PATHS = (
					"$(inherited)",
					"@executable_path/Frameworks",
					"@loader_path/Frameworks",
				);
				PRODUCT_BUNDLE_IDENTIFIER = io.github.futurelab.EditableTableViewUITests;
				PRODUCT_NAME = "$(TARGET_NAME)";
				SWIFT_VERSION = 5.0;
				TARGETED_DEVICE_FAMILY = "1,2";
				TEST_TARGET_NAME = EditableTableView;
			};
			name = Debug;
		};
		9DF5809C2306B966005F336B /* Release */ = {
			isa = XCBuildConfiguration;
			buildSettings = {
				ALWAYS_EMBED_SWIFT_STANDARD_LIBRARIES = YES;
				CODE_SIGN_STYLE = Automatic;
				DEVELOPMENT_TEAM = TXKCF76Y2G;
				INFOPLIST_FILE = EditableTableViewUITests/Info.plist;
				LD_RUNPATH_SEARCH_PATHS = (
					"$(inherited)",
					"@executable_path/Frameworks",
					"@loader_path/Frameworks",
				);
				PRODUCT_BUNDLE_IDENTIFIER = io.github.futurelab.EditableTableViewUITests;
				PRODUCT_NAME = "$(TARGET_NAME)";
				SWIFT_VERSION = 5.0;
				TARGETED_DEVICE_FAMILY = "1,2";
				TEST_TARGET_NAME = EditableTableView;
			};
			name = Release;
		};
/* End XCBuildConfiguration section */

/* Begin XCConfigurationList section */
		9DF580752306B965005F336B /* Build configuration list for PBXProject "EditableTableView" */ = {
			isa = XCConfigurationList;
			buildConfigurations = (
				9DF580952306B966005F336B /* Debug */,
				9DF580962306B966005F336B /* Release */,
			);
			defaultConfigurationIsVisible = 0;
			defaultConfigurationName = Release;
		};
		9DF580972306B966005F336B /* Build configuration list for PBXNativeTarget "EditableTableView" */ = {
			isa = XCConfigurationList;
			buildConfigurations = (
				9DF580982306B966005F336B /* Debug */,
				9DF580992306B966005F336B /* Release */,
			);
			defaultConfigurationIsVisible = 0;
			defaultConfigurationName = Release;
		};
		9DF5809A2306B966005F336B /* Build configuration list for PBXNativeTarget "EditableTableViewUITests" */ = {
			isa = XCConfigurationList;
			buildConfigurations = (
				9DF5809B2306B966005F336B /* Debug */,
				9DF5809C2306B966005F336B /* Release */,
			);
			defaultConfigurationIsVisible = 0;
			defaultConfigurationName = Release;
		};
/* End XCConfigurationList section */
	};
	rootObject = 9DF580722306B965005F336B /* Project object */;
}
